{
  "name": "flux-connector-icons",
  "lockfileVersion": 3,
  "requires": true,
  "packages": {
    "": {
      "name": "flux-connector-icons",
      "dependencies": {
        "@iconify-json/logos": "^1.2.13",
        "@iconify-json/mdi": "^1.2.3",
        "simple-icons": "^13.0.0"
      }
    },
    "node_modules/@iconify-json/logos": {
      "version": "1.2.13",
      "resolved": "https://registry.npmjs.org/@iconify-json/logos/-/logos-1.2.13.tgz",
      "integrity": "sha512-Up54ZnIuiuBgGAsuzhR1nvKqwq8VE6YM3XLwVB6IgY+7NAasz6WKu9Ay5hGfAkfuOKowodfwDC8ozReEBYrWRg==",
      "license": "CC0-1.0",
      "dependencies": {
        "@iconify/types": "*"
      }
    },
    "node_modules/@iconify-json/mdi": {
      "version": "1.2.3",
      "resolved": "https://registry.npmjs.org/@iconify-json/mdi/-/mdi-1.2.3.tgz",
      "integrity": "sha512-O3cLwbDOK7NNDf2ihaQOH5F9JglnulNDFV7WprU2dSoZu3h3cWH//h74uQAB87brHmvFVxIOkuBX2sZSzYhScg==",
      "license": "Apache-2.0",
      "dependencies": {
        "@iconify/types": "*"
      }
    },
    "node_modules/@iconify/types": {
      "version": "2.0.0",
      "resolved": "https://registry.npmjs.org/@iconify/types/-/types-2.0.0.tgz",
      "integrity": "sha512-+wluvCrRhXrhyOmRDJ3q8mux9JkKy5SJ/v8ol2tu4FVjyYvtEzkc/3pK15ET6RKg4b4w4BmTk1+gsCUhf21Ykg==",
      "license": "MIT"
    },
    "node_modules/simple-icons": {
      "version": "13.21.0",
      "resolved": "https://registry.npmjs.org/simple-icons/-/simple-icons-13.21.0.tgz",
      "integrity": "sha512-LI5pVJPBv6oc79OMsffwb6kEqnmB8P1Cjg1crNUlhsxPETQ5UzbCKQdxU+7MW6+DD1qfPkla/vSKlLD4IfyXpQ==",
      "license": "CC0-1.0",
      "engines": {
        "node": ">=0.12.18"
      },
      "funding": {
        "type": "opencollective",
        "url": "https://opencollective.com/simple-icons"
      }
    }
  }
}
